
Microsoft Visual Studio Solution File, Format Version 12.00
# Visual Studio Version 16
VisualStudioVersion = 16.0.30503.244
MinimumVisualStudioVersion = 10.0.40219.1
Project("{2150E333-8FDC-42A3-9474-1A3956D46DE8}") = "src", "src", "{48566785-257F-42A1-BECC-3A95A7ECDC34}"
EndProject
Project("{FAE04EC0-301F-11D3-BF4B-00C04F79EFBC}") = "AnycastHealthChecker", "src\AnycastHealthChecker\AnycastHealthChecker.csproj", "{759572AC-3D1A-4FE3-B509-A9C07677CDDB}"
EndProject
Global
	GlobalSection(SolutionConfigurationPlatforms) = preSolution
		Debug|Any CPU = Debug|Any CPU
		Release|Any CPU = Release|Any CPU
	EndGlobalSection
	GlobalSection(ProjectConfigurationPlatforms) = postSolution
		{759572AC-3D1A-4FE3-B509-A9C07677CDDB}.Debug|Any CPU.ActiveCfg = Debug|Any CPU
		{759572AC-3D1A-4FE3-B509-A9C07677CDDB}.Debug|Any CPU.Build.0 = Debug|Any CPU
		{759572AC-3D1A-4FE3-B509-A9C07677CDDB}.Release|Any CPU.ActiveCfg = Release|Any CPU
		{759572AC-3D1A-4FE3-B509-A9C07677CDDB}.Release|Any CPU.Build.0 = Release|Any CPU
	EndGlobalSection
	GlobalSection(SolutionProperties) = preSolution
		HideSolutionNode = FALSE
	EndGlobalSection
	GlobalSection(NestedProjects) = preSolution
		{759572AC-3D1A-4FE3-B509-A9C07677CDDB} = {48566785-257F-42A1-BECC-3A95A7ECDC34}
	EndGlobalSection
	GlobalSection(ExtensibilityGlobals) = postSolution
		SolutionGuid = {684610B7-89BA-49D0-8707-E8A7686904E4}
	EndGlobalSection
EndGlobal
